
Microsoft Visual Studio Solution File, Format Version 11.00
# Visual Studio 2010
Project("{8BC9CEB8-8B4A-11D0-8D11-00A0C91BC942}") = "basic_shader_exporter", "basic_shader_exporter\basic_shader_exporter.vcxproj", "{459E68D5-FB75-4D86-A1C9-C91A82B8B7E4}"
EndProject
Project("{8BC9CEB8-8B4A-11D0-8D11-00A0C91BC942}") = "hlsl_shader_compiler", "hlsl_shader_compiler\hlsl_shader_compiler.vcxproj", "{C13DB8A3-CA41-422F-BFE7-1BAD4AE74AA9}"
EndProject
Global
	GlobalSection(SolutionConfigurationPlatforms) = preSolution
		Debug|Win32 = Debug|Win32
		Release|Win32 = Release|Win32
	EndGlobalSection
	GlobalSection(ProjectConfigurationPlatforms) = postSolution
		{459E68D5-FB75-4D86-A1C9-C91A82B8B7E4}.Debug|Win32.ActiveCfg = Debug|Win32
		{459E68D5-FB75-4D86-A1C9-C91A82B8B7E4}.Debug|Win32.Build.0 = Debug|Win32
		{459E68D5-FB75-4D86-A1C9-C91A82B8B7E4}.Release|Win32.ActiveCfg = Release|Win32
		{459E68D5-FB75-4D86-A1C9-C91A82B8B7E4}.Release|Win32.Build.0 = Release|Win32
		{C13DB8A3-CA41-422F-BFE7-1BAD4AE74AA9}.Debug|Win32.ActiveCfg = Debug|Win32
		{C13DB8A3-CA41-422F-BFE7-1BAD4AE74AA9}.Debug|Win32.Build.0 = Debug|Win32
		{C13DB8A3-CA41-422F-BFE7-1BAD4AE74AA9}.Release|Win32.ActiveCfg = Release|Win32
		{C13DB8A3-CA41-422F-BFE7-1BAD4AE74AA9}.Release|Win32.Build.0 = Release|Win32
	EndGlobalSection
	GlobalSection(SolutionProperties) = preSolution
		HideSolutionNode = FALSE
	EndGlobalSection
EndGlobal
